
Microsoft Visual Studio Solution File, Format Version 12.00
# Visual Studio Version 16
VisualStudioVersion = 16.0.29503.13
MinimumVisualStudioVersion = 10.0.40219.1
Project("{FAE04EC0-301F-11D3-BF4B-00C04F79EFBC}") = "AutomationFrameworkForSelenium-UsingCSharp", "AutomationFrameworkForSelenium-UsingCSharp\AutomationFrameworkForSelenium-UsingCSharp.csproj", "{3370AB09-88EB-4C4E-AAE8-1EB5C45A74EA}"
EndProject
Global
	GlobalSection(SolutionConfigurationPlatforms) = preSolution
		Debug|Any CPU = Debug|Any CPU
		Release|Any CPU = Release|Any CPU
	EndGlobalSection
	GlobalSection(ProjectConfigurationPlatforms) = postSolution
		{3370AB09-88EB-4C4E-AAE8-1EB5C45A74EA}.Debug|Any CPU.ActiveCfg = Debug|Any CPU
		{3370AB09-88EB-4C4E-AAE8-1EB5C45A74EA}.Debug|Any CPU.Build.0 = Debug|Any CPU
		{3370AB09-88EB-4C4E-AAE8-1EB5C45A74EA}.Release|Any CPU.ActiveCfg = Release|Any CPU
		{3370AB09-88EB-4C4E-AAE8-1EB5C45A74EA}.Release|Any CPU.Build.0 = Release|Any CPU
	EndGlobalSection
	GlobalSection(SolutionProperties) = preSolution
		HideSolutionNode = FALSE
	EndGlobalSection
	GlobalSection(ExtensibilityGlobals) = postSolution
		SolutionGuid = {87B00BD7-8BF4-4823-A62D-FBAC4307D0DB}
	EndGlobalSection
EndGlobal
